
Microsoft Visual Studio Solution File, Format Version 12.00
# Visual Studio Version 17
VisualStudioVersion = 17.3.32901.215
MinimumVisualStudioVersion = 10.0.40219.1
Project("{FAE04EC0-301F-11D3-BF4B-00C04F79EFBC}") = "Accounts", "Accounts.csproj", "{4D6203A3-CE19-40A5-A2F9-FF42692F7055}"
EndProject
Global
	GlobalSection(SolutionConfigurationPlatforms) = preSolution
		Debug|Any CPU = Debug|Any CPU
		Release|Any CPU = Release|Any CPU
	EndGlobalSection
	GlobalSection(ProjectConfigurationPlatforms) = postSolution
		{4D6203A3-CE19-40A5-A2F9-FF42692F7055}.Debug|Any CPU.ActiveCfg = Debug|Any CPU
		{4D6203A3-CE19-40A5-A2F9-FF42692F7055}.Debug|Any CPU.Build.0 = Debug|Any CPU
		{4D6203A3-CE19-40A5-A2F9-FF42692F7055}.Release|Any CPU.ActiveCfg = Release|Any CPU
		{4D6203A3-CE19-40A5-A2F9-FF42692F7055}.Release|Any CPU.Build.0 = Release|Any CPU
	EndGlobalSection
	GlobalSection(SolutionProperties) = preSolution
		HideSolutionNode = FALSE
	EndGlobalSection
	GlobalSection(ExtensibilityGlobals) = postSolution
		SolutionGuid = {1B5E4048-D0FB-4484-91B8-B525FF6659C3}
	EndGlobalSection
EndGlobal
